
Microsoft Visual Studio Solution File, Format Version 12.00
# Visual Studio Version 16
VisualStudioVersion = 16.0.29728.190
MinimumVisualStudioVersion = 10.0.40219.1
Project("{9A19103F-16F7-4668-BE54-9A1E7A4F7556}") = "Modalonia", "Modalonia\Modalonia.csproj", "{9F98733B-967A-499B-A2E7-4DBD395B3A01}"
EndProject
Project("{9A19103F-16F7-4668-BE54-9A1E7A4F7556}") = "Modalonia.Example", "Modalonia.Example\Modalonia.Example.csproj", "{CD4310A0-20F8-4013-A053-2DE122F818B7}"
EndProject
Global
	GlobalSection(SolutionConfigurationPlatforms) = preSolution
		Debug|Any CPU = Debug|Any CPU
		Release|Any CPU = Release|Any CPU
	EndGlobalSection
	GlobalSection(ProjectConfigurationPlatforms) = postSolution
		{9F98733B-967A-499B-A2E7-4DBD395B3A01}.Debug|Any CPU.ActiveCfg = Debug|Any CPU
		{9F98733B-967A-499B-A2E7-4DBD395B3A01}.Debug|Any CPU.Build.0 = Debug|Any CPU
		{9F98733B-967A-499B-A2E7-4DBD395B3A01}.Release|Any CPU.ActiveCfg = Release|Any CPU
		{9F98733B-967A-499B-A2E7-4DBD395B3A01}.Release|Any CPU.Build.0 = Release|Any CPU
		{CD4310A0-20F8-4013-A053-2DE122F818B7}.Debug|Any CPU.ActiveCfg = Debug|Any CPU
		{CD4310A0-20F8-4013-A053-2DE122F818B7}.Debug|Any CPU.Build.0 = Debug|Any CPU
		{CD4310A0-20F8-4013-A053-2DE122F818B7}.Release|Any CPU.ActiveCfg = Release|Any CPU
		{CD4310A0-20F8-4013-A053-2DE122F818B7}.Release|Any CPU.Build.0 = Release|Any CPU
	EndGlobalSection
	GlobalSection(SolutionProperties) = preSolution
		HideSolutionNode = FALSE
	EndGlobalSection
	GlobalSection(ExtensibilityGlobals) = postSolution
		SolutionGuid = {14949110-8176-4702-91D8-A4282928BC3A}
	EndGlobalSection
EndGlobal
